
Microsoft Visual Studio Solution File, Format Version 12.00
# Visual Studio Version 17
VisualStudioVersion = 17.10.35122.118
MinimumVisualStudioVersion = 10.0.40219.1
Project("{FAE04EC0-301F-11D3-BF4B-00C04F79EFBC}") = "notas 3", "notas 3\notas 3.csproj", "{720DA1F6-BA4C-498F-A951-C7583E60803C}"
EndProject
Global
	GlobalSection(SolutionConfigurationPlatforms) = preSolution
		Debug|Any CPU = Debug|Any CPU
		Release|Any CPU = Release|Any CPU
	EndGlobalSection
	GlobalSection(ProjectConfigurationPlatforms) = postSolution
		{720DA1F6-BA4C-498F-A951-C7583E60803C}.Debug|Any CPU.ActiveCfg = Debug|Any CPU
		{720DA1F6-BA4C-498F-A951-C7583E60803C}.Debug|Any CPU.Build.0 = Debug|Any CPU
		{720DA1F6-BA4C-498F-A951-C7583E60803C}.Release|Any CPU.ActiveCfg = Release|Any CPU
		{720DA1F6-BA4C-498F-A951-C7583E60803C}.Release|Any CPU.Build.0 = Release|Any CPU
	EndGlobalSection
	GlobalSection(SolutionProperties) = preSolution
		HideSolutionNode = FALSE
	EndGlobalSection
	GlobalSection(ExtensibilityGlobals) = postSolution
		SolutionGuid = {00A7952D-2133-4051-84A5-A7160F6268FE}
	EndGlobalSection
EndGlobal
